
Microsoft Visual Studio Solution File, Format Version 12.00
# Visual Studio 15
VisualStudioVersion = 15.0.27130.2027
MinimumVisualStudioVersion = 10.0.40219.1
Project("{9A19103F-16F7-4668-BE54-9A1E7A4F7556}") = "LiteraturePortal", "LiteraturePortal\LiteraturePortal.csproj", "{53243881-6A9B-479F-8792-49C917A90561}"
EndProject
Global
	GlobalSection(SolutionConfigurationPlatforms) = preSolution
		Debug|Any CPU = Debug|Any CPU
		Release|Any CPU = Release|Any CPU
	EndGlobalSection
	GlobalSection(ProjectConfigurationPlatforms) = postSolution
		{53243881-6A9B-479F-8792-49C917A90561}.Debug|Any CPU.ActiveCfg = Debug|Any CPU
		{53243881-6A9B-479F-8792-49C917A90561}.Debug|Any CPU.Build.0 = Debug|Any CPU
		{53243881-6A9B-479F-8792-49C917A90561}.Release|Any CPU.ActiveCfg = Release|Any CPU
		{53243881-6A9B-479F-8792-49C917A90561}.Release|Any CPU.Build.0 = Release|Any CPU
	EndGlobalSection
	GlobalSection(SolutionProperties) = preSolution
		HideSolutionNode = FALSE
	EndGlobalSection
	GlobalSection(ExtensibilityGlobals) = postSolution
		SolutionGuid = {E49B7A50-C593-4CF5-A329-034F636F3AA0}
	EndGlobalSection
EndGlobal
